
Microsoft Visual Studio Solution File, Format Version 12.00
# Visual Studio Version 16
VisualStudioVersion = 16.0.31424.327
MinimumVisualStudioVersion = 10.0.40219.1
Project("{9A19103F-16F7-4668-BE54-9A1E7A4F7556}") = "CounterStrikeWeb", "CounterStrikeWeb\CounterStrikeWeb.csproj", "{33B7E214-556F-4A48-9843-43E7F3CD37D4}"
EndProject
Project("{FAE04EC0-301F-11D3-BF4B-00C04F79EFBC}") = "CounterStrikeWeb.Test", "CounterStrikeWeb.Test\CounterStrikeWeb.Test.csproj", "{665835EE-588D-4739-880B-8111EAB9AA9B}"
EndProject
Global
	GlobalSection(SolutionConfigurationPlatforms) = preSolution
		Debug|Any CPU = Debug|Any CPU
		Release|Any CPU = Release|Any CPU
	EndGlobalSection
	GlobalSection(ProjectConfigurationPlatforms) = postSolution
		{33B7E214-556F-4A48-9843-43E7F3CD37D4}.Debug|Any CPU.ActiveCfg = Debug|Any CPU
		{33B7E214-556F-4A48-9843-43E7F3CD37D4}.Debug|Any CPU.Build.0 = Debug|Any CPU
		{33B7E214-556F-4A48-9843-43E7F3CD37D4}.Release|Any CPU.ActiveCfg = Release|Any CPU
		{33B7E214-556F-4A48-9843-43E7F3CD37D4}.Release|Any CPU.Build.0 = Release|Any CPU
		{665835EE-588D-4739-880B-8111EAB9AA9B}.Debug|Any CPU.ActiveCfg = Debug|Any CPU
		{665835EE-588D-4739-880B-8111EAB9AA9B}.Debug|Any CPU.Build.0 = Debug|Any CPU
		{665835EE-588D-4739-880B-8111EAB9AA9B}.Release|Any CPU.ActiveCfg = Release|Any CPU
		{665835EE-588D-4739-880B-8111EAB9AA9B}.Release|Any CPU.Build.0 = Release|Any CPU
	EndGlobalSection
	GlobalSection(SolutionProperties) = preSolution
		HideSolutionNode = FALSE
	EndGlobalSection
	GlobalSection(ExtensibilityGlobals) = postSolution
		SolutionGuid = {F554CB29-3020-4E5A-A1E7-51EAAFAE2D89}
	EndGlobalSection
EndGlobal
